
Microsoft Visual Studio Solution File, Format Version 12.00
# Visual Studio Version 16
VisualStudioVersion = 16.0.30907.101
MinimumVisualStudioVersion = 10.0.40219.1
Project("{FAE04EC0-301F-11D3-BF4B-00C04F79EFBC}") = "Projeto Hotel", "Projeto Hotel\Projeto Hotel.csproj", "{E74872D6-6F7E-4474-8976-7A7B568A1CE2}"
EndProject
Project("{FAE04EC0-301F-11D3-BF4B-00C04F79EFBC}") = "DAL", "DAL\DAL.csproj", "{E90584A5-E357-4D3C-A0ED-0BB476CB9AEA}"
EndProject
Global
	GlobalSection(SolutionConfigurationPlatforms) = preSolution
		Debug|Any CPU = Debug|Any CPU
		Release|Any CPU = Release|Any CPU
	EndGlobalSection
	GlobalSection(ProjectConfigurationPlatforms) = postSolution
		{E74872D6-6F7E-4474-8976-7A7B568A1CE2}.Debug|Any CPU.ActiveCfg = Debug|Any CPU
		{E74872D6-6F7E-4474-8976-7A7B568A1CE2}.Debug|Any CPU.Build.0 = Debug|Any CPU
		{E74872D6-6F7E-4474-8976-7A7B568A1CE2}.Release|Any CPU.ActiveCfg = Release|Any CPU
		{E74872D6-6F7E-4474-8976-7A7B568A1CE2}.Release|Any CPU.Build.0 = Release|Any CPU
		{E90584A5-E357-4D3C-A0ED-0BB476CB9AEA}.Debug|Any CPU.ActiveCfg = Debug|Any CPU
		{E90584A5-E357-4D3C-A0ED-0BB476CB9AEA}.Debug|Any CPU.Build.0 = Debug|Any CPU
		{E90584A5-E357-4D3C-A0ED-0BB476CB9AEA}.Release|Any CPU.ActiveCfg = Release|Any CPU
		{E90584A5-E357-4D3C-A0ED-0BB476CB9AEA}.Release|Any CPU.Build.0 = Release|Any CPU
	EndGlobalSection
	GlobalSection(SolutionProperties) = preSolution
		HideSolutionNode = FALSE
	EndGlobalSection
	GlobalSection(ExtensibilityGlobals) = postSolution
		SolutionGuid = {3AEAC1B8-10F0-4248-8BC4-235B78C3A84D}
	EndGlobalSection
EndGlobal
